// !$*UTF8*$!
{
	archiveVersion = 1;
	classes = {
	};
	objectVersion = 50;
	objects = {

/* Begin PBXBuildFile section */
		9E27ABB7B2BAC64093C11FA7 /* Pods_Divine_Gate.framework in Frameworks */ = {isa = PBXBuildFile; fileRef = 69539D66BB7FACB26CDAA7D2 /* Pods_Divine_Gate.framework */; };
		A4A3AE1EB93BE7EB68636F7F /* Pods_Divine_GateTests.framework in Frameworks */ = {isa = PBXBuildFile; fileRef = 9ED9FF615D54B69AE2265745 /* Pods_Divine_GateTests.framework */; };
		A833D8B023AB0E5B00C31325 /* TitleScene.swift in Sources */ = {isa = PBXBuildFile; fileRef = A833D8AF23AB0E5B00C31325 /* TitleScene.swift */; };
		A876B0DD23D9363500569695 /* StageSelect.swift in Sources */ = {isa = PBXBuildFile; fileRef = A876B0DC23D9363500569695 /* StageSelect.swift */; };
		A876B0DF23D9405C00569695 /* StageSelect.sks in Resources */ = {isa = PBXBuildFile; fileRef = A876B0DE23D9405C00569695 /* StageSelect.sks */; };
		A88AFDF4239F4D3B00B107CE /* NormalSkill.swift in Sources */ = {isa = PBXBuildFile; fileRef = A88AFDF3239F4D3B00B107CE /* NormalSkill.swift */; };
		A88AFDF7239F4D6100B107CE /* Skill.swift in Sources */ = {isa = PBXBuildFile; fileRef = A88AFDF5239F4D6100B107CE /* Skill.swift */; };
		A88AFDF8239F4D6100B107CE /* Unit.swift in Sources */ = {isa = PBXBuildFile; fileRef = A88AFDF6239F4D6100B107CE /* Unit.swift */; };
		A88AFDFA239F4D6A00B107CE /* Hpsum.swift in Sources */ = {isa = PBXBuildFile; fileRef = A88AFDF9239F4D6A00B107CE /* Hpsum.swift */; };
		A88AFDFC239F4D8100B107CE /* Enemy.swift in Sources */ = {isa = PBXBuildFile; fileRef = A88AFDFB239F4D8100B107CE /* Enemy.swift */; };
		A88AFDFE239F4DF900B107CE /* NormalSkillQueue.swift in Sources */ = {isa = PBXBuildFile; fileRef = A88AFDFD239F4DF900B107CE /* NormalSkillQueue.swift */; };
		CF077E11238FA376003B6C47 /* PanelContainer.swift in Sources */ = {isa = PBXBuildFile; fileRef = CF077E10238FA376003B6C47 /* PanelContainer.swift */; };
		CF4DBF97237672FB005E6E10 /* Panel.swift in Sources */ = {isa = PBXBuildFile; fileRef = CF4DBF96237672FB005E6E10 /* Panel.swift */; };
		CF4DBF9B23767E78005E6E10 /* PanelGenerate.swift in Sources */ = {isa = PBXBuildFile; fileRef = CF4DBF9A23767E78005E6E10 /* PanelGenerate.swift */; };
		D16CE00F7C716082A3B71770 /* Pods_Divine_Gate_Divine_GateUITests.framework in Frameworks */ = {isa = PBXBuildFile; fileRef = E2D53AA6A35129B2E721E2B9 /* Pods_Divine_Gate_Divine_GateUITests.framework */; };
		EE5E8AB1237654B00013120E /* AppDelegate.swift in Sources */ = {isa = PBXBuildFile; fileRef = EE5E8AB0237654B00013120E /* AppDelegate.swift */; };
		EE5E8AB3237654B00013120E /* GameScene.sks in Resources */ = {isa = PBXBuildFile; fileRef = EE5E8AB2237654B00013120E /* GameScene.sks */; };
		EE5E8AB5237654B00013120E /* Actions.sks in Resources */ = {isa = PBXBuildFile; fileRef = EE5E8AB4237654B00013120E /* Actions.sks */; };
		EE5E8AB7237654B00013120E /* GameScene.swift in Sources */ = {isa = PBXBuildFile; fileRef = EE5E8AB6237654B00013120E /* GameScene.swift */; };
		EE5E8AB9237654B00013120E /* GameViewController.swift in Sources */ = {isa = PBXBuildFile; fileRef = EE5E8AB8237654B00013120E /* GameViewController.swift */; };
		EE5E8ABC237654B00013120E /* Main.storyboard in Resources */ = {isa = PBXBuildFile; fileRef = EE5E8ABA237654B00013120E /* Main.storyboard */; };
		EE5E8ABE237654B20013120E /* Assets.xcassets in Resources */ = {isa = PBXBuildFile; fileRef = EE5E8ABD237654B20013120E /* Assets.xcassets */; };
		EE5E8AC1237654B20013120E /* LaunchScreen.storyboard in Resources */ = {isa = PBXBuildFile; fileRef = EE5E8ABF237654B20013120E /* LaunchScreen.storyboard */; };
		EE5E8ACC237654B20013120E /* Divine_GateTests.swift in Sources */ = {isa = PBXBuildFile; fileRef = EE5E8ACB237654B20013120E /* Divine_GateTests.swift */; };
		EE5E8AD7237654B20013120E /* Divine_GateUITests.swift in Sources */ = {isa = PBXBuildFile; fileRef = EE5E8AD6237654B20013120E /* Divine_GateUITests.swift */; };
/* End PBXBuildFile section */

/* Begin PBXContainerItemProxy section */
		EE5E8AC8237654B20013120E /* PBXContainerItemProxy */ = {
			isa = PBXContainerItemProxy;
			containerPortal = EE5E8AA5237654AF0013120E /* Project object */;
			proxyType = 1;
			remoteGlobalIDString = EE5E8AAC237654AF0013120E;
			remoteInfo = "Divine-Gate";
		};
		EE5E8AD3237654B20013120E /* PBXContainerItemProxy */ = {
			isa = PBXContainerItemProxy;
			containerPortal = EE5E8AA5237654AF0013120E /* Project object */;
			proxyType = 1;
			remoteGlobalIDString = EE5E8AAC237654AF0013120E;
			remoteInfo = "Divine-Gate";
		};
/* End PBXContainerItemProxy section */

/* Begin PBXFileReference section */
		21C97D1514FB2D0246FC9963 /* Pods-Divine-Gate-Divine-GateUITests.release.xcconfig */ = {isa = PBXFileReference; includeInIndex = 1; lastKnownFileType = text.xcconfig; name = "Pods-Divine-Gate-Divine-GateUITests.release.xcconfig"; path = "Target Support Files/Pods-Divine-Gate-Divine-GateUITests/Pods-Divine-Gate-Divine-GateUITests.release.xcconfig"; sourceTree = "<group>"; };
		33C5D1BB4EB0FBB3BD9A182C /* Pods-Divine-GateTests.debug.xcconfig */ = {isa = PBXFileReference; includeInIndex = 1; lastKnownFileType = text.xcconfig; name = "Pods-Divine-GateTests.debug.xcconfig"; path = "Target Support Files/Pods-Divine-GateTests/Pods-Divine-GateTests.debug.xcconfig"; sourceTree = "<group>"; };
		69539D66BB7FACB26CDAA7D2 /* Pods_Divine_Gate.framework */ = {isa = PBXFileReference; explicitFileType = wrapper.framework; includeInIndex = 0; path = Pods_Divine_Gate.framework; sourceTree = BUILT_PRODUCTS_DIR; };
		9ED9FF615D54B69AE2265745 /* Pods_Divine_GateTests.framework */ = {isa = PBXFileReference; explicitFileType = wrapper.framework; includeInIndex = 0; path = Pods_Divine_GateTests.framework; sourceTree = BUILT_PRODUCTS_DIR; };
		A18EAA48946374E607B899B5 /* Pods-Divine-Gate-Divine-GateUITests.debug.xcconfig */ = {isa = PBXFileReference; includeInIndex = 1; lastKnownFileType = text.xcconfig; name = "Pods-Divine-Gate-Divine-GateUITests.debug.xcconfig"; path = "Target Support Files/Pods-Divine-Gate-Divine-GateUITests/Pods-Divine-Gate-Divine-GateUITests.debug.xcconfig"; sourceTree = "<group>"; };
		A833D8AF23AB0E5B00C31325 /* TitleScene.swift */ = {isa = PBXFileReference; lastKnownFileType = sourcecode.swift; path = TitleScene.swift; sourceTree = "<group>"; };
		A876B0DC23D9363500569695 /* StageSelect.swift */ = {isa = PBXFileReference; lastKnownFileType = sourcecode.swift; path = StageSelect.swift; sourceTree = "<group>"; };
		A876B0DE23D9405C00569695 /* StageSelect.sks */ = {isa = PBXFileReference; lastKnownFileType = file.sks; path = StageSelect.sks; sourceTree = "<group>"; };
		A88AFDF3239F4D3B00B107CE /* NormalSkill.swift */ = {isa = PBXFileReference; fileEncoding = 4; lastKnownFileType = sourcecode.swift; path = NormalSkill.swift; sourceTree = "<group>"; };
		A88AFDF5239F4D6100B107CE /* Skill.swift */ = {isa = PBXFileReference; fileEncoding = 4; lastKnownFileType = sourcecode.swift; path = Skill.swift; sourceTree = "<group>"; };
		A88AFDF6239F4D6100B107CE /* Unit.swift */ = {isa = PBXFileReference; fileEncoding = 4; lastKnownFileType = sourcecode.swift; path = Unit.swift; sourceTree = "<group>"; };
		A88AFDF9239F4D6A00B107CE /* Hpsum.swift */ = {isa = PBXFileReference; fileEncoding = 4; lastKnownFileType = sourcecode.swift; path = Hpsum.swift; sourceTree = "<group>"; };
		A88AFDFB239F4D8100B107CE /* Enemy.swift */ = {isa = PBXFileReference; fileEncoding = 4; lastKnownFileType = sourcecode.swift; path = Enemy.swift; sourceTree = "<group>"; };
		A88AFDFD239F4DF900B107CE /* NormalSkillQueue.swift */ = {isa = PBXFileReference; lastKnownFileType = sourcecode.swift; path = NormalSkillQueue.swift; sourceTree = "<group>"; };
		CF077E10238FA376003B6C47 /* PanelContainer.swift */ = {isa = PBXFileReference; lastKnownFileType = sourcecode.swift; path = PanelContainer.swift; sourceTree = "<group>"; };
		CF4DBF96237672FB005E6E10 /* Panel.swift */ = {isa = PBXFileReference; lastKnownFileType = sourcecode.swift; path = Panel.swift; sourceTree = "<group>"; };
		CF4DBF9A23767E78005E6E10 /* PanelGenerate.swift */ = {isa = PBXFileReference; lastKnownFileType = sourcecode.swift; path = PanelGenerate.swift; sourceTree = "<group>"; };
		E2D53AA6A35129B2E721E2B9 /* Pods_Divine_Gate_Divine_GateUITests.framework */ = {isa = PBXFileReference; explicitFileType = wrapper.framework; includeInIndex = 0; path = Pods_Divine_Gate_Divine_GateUITests.framework; sourceTree = BUILT_PRODUCTS_DIR; };
		EE5E8AAD237654B00013120E /* Divine-Gate.app */ = {isa = PBXFileReference; explicitFileType = wrapper.application; includeInIndex = 0; path = "Divine-Gate.app"; sourceTree = BUILT_PRODUCTS_DIR; };
		EE5E8AB0237654B00013120E /* AppDelegate.swift */ = {isa = PBXFileReference; lastKnownFileType = sourcecode.swift; path = AppDelegate.swift; sourceTree = "<group>"; };
		EE5E8AB2237654B00013120E /* GameScene.sks */ = {isa = PBXFileReference; lastKnownFileType = file.sks; path = GameScene.sks; sourceTree = "<group>"; };
		EE5E8AB4237654B00013120E /* Actions.sks */ = {isa = PBXFileReference; lastKnownFileType = file.sks; path = Actions.sks; sourceTree = "<group>"; };
		EE5E8AB6237654B00013120E /* GameScene.swift */ = {isa = PBXFileReference; lastKnownFileType = sourcecode.swift; path = GameScene.swift; sourceTree = "<group>"; };
		EE5E8AB8237654B00013120E /* GameViewController.swift */ = {isa = PBXFileReference; lastKnownFileType = sourcecode.swift; path = GameViewController.swift; sourceTree = "<group>"; };
		EE5E8ABB237654B00013120E /* Base */ = {isa = PBXFileReference; lastKnownFileType = file.storyboard; name = Base; path = Base.lproj/Main.storyboard; sourceTree = "<group>"; };
		EE5E8ABD237654B20013120E /* Assets.xcassets */ = {isa = PBXFileReference; lastKnownFileType = folder.assetcatalog; path = Assets.xcassets; sourceTree = "<group>"; };
		EE5E8AC0237654B20013120E /* Base */ = {isa = PBXFileReference; lastKnownFileType = file.storyboard; name = Base; path = Base.lproj/LaunchScreen.storyboard; sourceTree = "<group>"; };
		EE5E8AC2237654B20013120E /* Info.plist */ = {isa = PBXFileReference; lastKnownFileType = text.plist.xml; path = Info.plist; sourceTree = "<group>"; };
		EE5E8AC7237654B20013120E /* Divine-GateTests.xctest */ = {isa = PBXFileReference; explicitFileType = wrapper.cfbundle; includeInIndex = 0; path = "Divine-GateTests.xctest"; sourceTree = BUILT_PRODUCTS_DIR; };
		EE5E8ACB237654B20013120E /* Divine_GateTests.swift */ = {isa = PBXFileReference; lastKnownFileType = sourcecode.swift; path = Divine_GateTests.swift; sourceTree = "<group>"; };
		EE5E8ACD237654B20013120E /* Info.plist */ = {isa = PBXFileReference; lastKnownFileType = text.plist.xml; path = Info.plist; sourceTree = "<group>"; };
		EE5E8AD2237654B20013120E /* Divine-GateUITests.xctest */ = {isa = PBXFileReference; explicitFileType = wrapper.cfbundle; includeInIndex = 0; path = "Divine-GateUITests.xctest"; sourceTree = BUILT_PRODUCTS_DIR; };
		EE5E8AD6237654B20013120E /* Divine_GateUITests.swift */ = {isa = PBXFileReference; lastKnownFileType = sourcecode.swift; path = Divine_GateUITests.swift; sourceTree = "<group>"; };
		EE5E8AD8237654B20013120E /* Info.plist */ = {isa = PBXFileReference; lastKnownFileType = text.plist.xml; path = Info.plist; sourceTree = "<group>"; };
		EF8679627491C3FF29A27268 /* Pods-Divine-GateTests.release.xcconfig */ = {isa = PBXFileReference; includeInIndex = 1; lastKnownFileType = text.xcconfig; name = "Pods-Divine-GateTests.release.xcconfig"; path = "Target Support Files/Pods-Divine-GateTests/Pods-Divine-GateTests.release.xcconfig"; sourceTree = "<group>"; };
		FA5F63D804E43764D36011E6 /* Pods-Divine-Gate.debug.xcconfig */ = {isa = PBXFileReference; includeInIndex = 1; lastKnownFileType = text.xcconfig; name = "Pods-Divine-Gate.debug.xcconfig"; path = "Target Support Files/Pods-Divine-Gate/Pods-Divine-Gate.debug.xcconfig"; sourceTree = "<group>"; };
		FFC2FC7ED0F3DB331069F3D0 /* Pods-Divine-Gate.release.xcconfig */ = {isa = PBXFileReference; includeInIndex = 1; lastKnownFileType = text.xcconfig; name = "Pods-Divine-Gate.release.xcconfig"; path = "Target Support Files/Pods-Divine-Gate/Pods-Divine-Gate.release.xcconfig"; sourceTree = "<group>"; };
/* End PBXFileReference section */

/* Begin PBXFrameworksBuildPhase section */
		EE5E8AAA237654AF0013120E /* Frameworks */ = {
			isa = PBXFrameworksBuildPhase;
			buildActionMask = 2147483647;
			files = (
				9E27ABB7B2BAC64093C11FA7 /* Pods_Divine_Gate.framework in Frameworks */,
			);
			runOnlyForDeploymentPostprocessing = 0;
		};
		EE5E8AC4237654B20013120E /* Frameworks */ = {
			isa = PBXFrameworksBuildPhase;
			buildActionMask = 2147483647;
			files = (
				A4A3AE1EB93BE7EB68636F7F /* Pods_Divine_GateTests.framework in Frameworks */,
			);
			runOnlyForDeploymentPostprocessing = 0;
		};
		EE5E8ACF237654B20013120E /* Frameworks */ = {
			isa = PBXFrameworksBuildPhase;
			buildActionMask = 2147483647;
			files = (
				D16CE00F7C716082A3B71770 /* Pods_Divine_Gate_Divine_GateUITests.framework in Frameworks */,
			);
			runOnlyForDeploymentPostprocessing = 0;
		};
/* End PBXFrameworksBuildPhase section */

/* Begin PBXGroup section */
		5084F40C9E12C765A7C20939 /* Pods */ = {
			isa = PBXGroup;
			children = (
				FA5F63D804E43764D36011E6 /* Pods-Divine-Gate.debug.xcconfig */,
				FFC2FC7ED0F3DB331069F3D0 /* Pods-Divine-Gate.release.xcconfig */,
				A18EAA48946374E607B899B5 /* Pods-Divine-Gate-Divine-GateUITests.debug.xcconfig */,
				21C97D1514FB2D0246FC9963 /* Pods-Divine-Gate-Divine-GateUITests.release.xcconfig */,
				33C5D1BB4EB0FBB3BD9A182C /* Pods-Divine-GateTests.debug.xcconfig */,
				EF8679627491C3FF29A27268 /* Pods-Divine-GateTests.release.xcconfig */,
			);
			name = Pods;
			path = Pods;
			sourceTree = "<group>";
		};
		C8F888CB77D1E07C7C949564 /* Frameworks */ = {
			isa = PBXGroup;
			children = (
				69539D66BB7FACB26CDAA7D2 /* Pods_Divine_Gate.framework */,
				E2D53AA6A35129B2E721E2B9 /* Pods_Divine_Gate_Divine_GateUITests.framework */,
				9ED9FF615D54B69AE2265745 /* Pods_Divine_GateTests.framework */,
			);
			name = Frameworks;
			sourceTree = "<group>";
		};
		EE5E8AA4237654AF0013120E = {
			isa = PBXGroup;
			children = (
				EE5E8AAF237654B00013120E /* Divine-Gate */,
				EE5E8ACA237654B20013120E /* Divine-GateTests */,
				EE5E8AD5237654B20013120E /* Divine-GateUITests */,
				EE5E8AAE237654B00013120E /* Products */,
				5084F40C9E12C765A7C20939 /* Pods */,
				C8F888CB77D1E07C7C949564 /* Frameworks */,
			);
			sourceTree = "<group>";
		};
		EE5E8AAE237654B00013120E /* Products */ = {
			isa = PBXGroup;
			children = (
				EE5E8AAD237654B00013120E /* Divine-Gate.app */,
				EE5E8AC7237654B20013120E /* Divine-GateTests.xctest */,
				EE5E8AD2237654B20013120E /* Divine-GateUITests.xctest */,
			);
			name = Products;
			sourceTree = "<group>";
		};
		EE5E8AAF237654B00013120E /* Divine-Gate */ = {
			isa = PBXGroup;
			children = (
				EE5E8AB0237654B00013120E /* AppDelegate.swift */,
				EE5E8AB2237654B00013120E /* GameScene.sks */,
				EE5E8AB4237654B00013120E /* Actions.sks */,
				A833D8AF23AB0E5B00C31325 /* TitleScene.swift */,
				A876B0DC23D9363500569695 /* StageSelect.swift */,
				A876B0DE23D9405C00569695 /* StageSelect.sks */,
				EE5E8AB6237654B00013120E /* GameScene.swift */,
				EE5E8AB8237654B00013120E /* GameViewController.swift */,
				EE5E8ABA237654B00013120E /* Main.storyboard */,
				EE5E8ABD237654B20013120E /* Assets.xcassets */,
				EE5E8ABF237654B20013120E /* LaunchScreen.storyboard */,
				EE5E8AC2237654B20013120E /* Info.plist */,
				CF4DBF96237672FB005E6E10 /* Panel.swift */,
				CF4DBF9A23767E78005E6E10 /* PanelGenerate.swift */,
				CF077E10238FA376003B6C47 /* PanelContainer.swift */,
				A88AFDF3239F4D3B00B107CE /* NormalSkill.swift */,
				A88AFDF5239F4D6100B107CE /* Skill.swift */,
				A88AFDF6239F4D6100B107CE /* Unit.swift */,
				A88AFDF9239F4D6A00B107CE /* Hpsum.swift */,
				A88AFDFB239F4D8100B107CE /* Enemy.swift */,
				A88AFDFD239F4DF900B107CE /* NormalSkillQueue.swift */,
			);
			path = "Divine-Gate";
			sourceTree = "<group>";
		};
		EE5E8ACA237654B20013120E /* Divine-GateTests */ = {
			isa = PBXGroup;
			children = (
				EE5E8ACB237654B20013120E /* Divine_GateTests.swift */,
				EE5E8ACD237654B20013120E /* Info.plist */,
			);
			path = "Divine-GateTests";
			sourceTree = "<group>";
		};
		EE5E8AD5237654B20013120E /* Divine-GateUITests */ = {
			isa = PBXGroup;
			children = (
				EE5E8AD6237654B20013120E /* Divine_GateUITests.swift */,
				EE5E8AD8237654B20013120E /* Info.plist */,
			);
			path = "Divine-GateUITests";
			sourceTree = "<group>";
		};
/* End PBXGroup section */

/* Begin PBXNativeTarget section */
		EE5E8AAC237654AF0013120E /* Divine-Gate */ = {
			isa = PBXNativeTarget;
			buildConfigurationList = EE5E8ADB237654B20013120E /* Build configuration list for PBXNativeTarget "Divine-Gate" */;
			buildPhases = (
				9BDB0A557F1AD6BD0622842C /* [CP] Check Pods Manifest.lock */,
				EE5E8AA9237654AF0013120E /* Sources */,
				EE5E8AAA237654AF0013120E /* Frameworks */,
				EE5E8AAB237654AF0013120E /* Resources */,
				540C4914D174C10EE694B674 /* [CP] Embed Pods Frameworks */,
			);
			buildRules = (
			);
			dependencies = (
			);
			name = "Divine-Gate";
			productName = "Divine-Gate";
			productReference = EE5E8AAD237654B00013120E /* Divine-Gate.app */;
			productType = "com.apple.product-type.application";
		};
		EE5E8AC6237654B20013120E /* Divine-GateTests */ = {
			isa = PBXNativeTarget;
			buildConfigurationList = EE5E8ADE237654B20013120E /* Build configuration list for PBXNativeTarget "Divine-GateTests" */;
			buildPhases = (
				C22190EE874E43684E1560DC /* [CP] Check Pods Manifest.lock */,
				EE5E8AC3237654B20013120E /* Sources */,
				EE5E8AC4237654B20013120E /* Frameworks */,
				EE5E8AC5237654B20013120E /* Resources */,
			);
			buildRules = (
			);
			dependencies = (
				EE5E8AC9237654B20013120E /* PBXTargetDependency */,
			);
			name = "Divine-GateTests";
			productName = "Divine-GateTests";
			productReference = EE5E8AC7237654B20013120E /* Divine-GateTests.xctest */;
			productType = "com.apple.product-type.bundle.unit-test";
		};
		EE5E8AD1237654B20013120E /* Divine-GateUITests */ = {
			isa = PBXNativeTarget;
			buildConfigurationList = EE5E8AE1237654B20013120E /* Build configuration list for PBXNativeTarget "Divine-GateUITests" */;
			buildPhases = (
				FC62CECF6902AB4E229728E9 /* [CP] Check Pods Manifest.lock */,
				EE5E8ACE237654B20013120E /* Sources */,
				EE5E8ACF237654B20013120E /* Frameworks */,
				EE5E8AD0237654B20013120E /* Resources */,
				E1445BB18FDA7B3691BA76C1 /* [CP] Embed Pods Frameworks */,
			);
			buildRules = (
			);
			dependencies = (
				EE5E8AD4237654B20013120E /* PBXTargetDependency */,
			);
			name = "Divine-GateUITests";
			productName = "Divine-GateUITests";
			productReference = EE5E8AD2237654B20013120E /* Divine-GateUITests.xctest */;
			productType = "com.apple.product-type.bundle.ui-testing";
		};
/* End PBXNativeTarget section */

/* Begin PBXProject section */
		EE5E8AA5237654AF0013120E /* Project object */ = {
			isa = PBXProject;
			attributes = {
				LastSwiftUpdateCheck = 1110;
				LastUpgradeCheck = 1110;
				ORGANIZATIONNAME = "宮里　佳音";
				TargetAttributes = {
					EE5E8AAC237654AF0013120E = {
						CreatedOnToolsVersion = 11.1;
					};
					EE5E8AC6237654B20013120E = {
						CreatedOnToolsVersion = 11.1;
						TestTargetID = EE5E8AAC237654AF0013120E;
					};
					EE5E8AD1237654B20013120E = {
						CreatedOnToolsVersion = 11.1;
						TestTargetID = EE5E8AAC237654AF0013120E;
					};
				};
			};
			buildConfigurationList = EE5E8AA8237654AF0013120E /* Build configuration list for PBXProject "Divine-Gate" */;
			compatibilityVersion = "Xcode 9.3";
			developmentRegion = en;
			hasScannedForEncodings = 0;
			knownRegions = (
				en,
				Base,
			);
			mainGroup = EE5E8AA4237654AF0013120E;
			productRefGroup = EE5E8AAE237654B00013120E /* Products */;
			projectDirPath = "";
			projectRoot = "";
			targets = (
				EE5E8AAC237654AF0013120E /* Divine-Gate */,
				EE5E8AC6237654B20013120E /* Divine-GateTests */,
				EE5E8AD1237654B20013120E /* Divine-GateUITests */,
			);
		};
/* End PBXProject section */

/* Begin PBXResourcesBuildPhase section */
		EE5E8AAB237654AF0013120E /* Resources */ = {
			isa = PBXResourcesBuildPhase;
			buildActionMask = 2147483647;
			files = (
				EE5E8ABC237654B00013120E /* Main.storyboard in Resources */,
				EE5E8AB3237654B00013120E /* GameScene.sks in Resources */,
				A876B0DF23D9405C00569695 /* StageSelect.sks in Resources */,
				EE5E8ABE237654B20013120E /* Assets.xcassets in Resources */,
				EE5E8AC1237654B20013120E /* LaunchScreen.storyboard in Resources */,
				EE5E8AB5237654B00013120E /* Actions.sks in Resources */,
			);
			runOnlyForDeploymentPostprocessing = 0;
		};
		EE5E8AC5237654B20013120E /* Resources */ = {
			isa = PBXResourcesBuildPhase;
			buildActionMask = 2147483647;
			files = (
			);
			runOnlyForDeploymentPostprocessing = 0;
		};
		EE5E8AD0237654B20013120E /* Resources */ = {
			isa = PBXResourcesBuildPhase;
			buildActionMask = 2147483647;
			files = (
			);
			runOnlyForDeploymentPostprocessing = 0;
		};
/* End PBXResourcesBuildPhase section */

/* Begin PBXShellScriptBuildPhase section */
		540C4914D174C10EE694B674 /* [CP] Embed Pods Frameworks */ = {
			isa = PBXShellScriptBuildPhase;
			buildActionMask = 2147483647;
			files = (
			);
			inputFileListPaths = (
				"${PODS_ROOT}/Target Support Files/Pods-Divine-Gate/Pods-Divine-Gate-frameworks-${CONFIGURATION}-input-files.xcfilelist",
			);
			name = "[CP] Embed Pods Frameworks";
			outputFileListPaths = (
				"${PODS_ROOT}/Target Support Files/Pods-Divine-Gate/Pods-Divine-Gate-frameworks-${CONFIGURATION}-output-files.xcfilelist",
			);
			runOnlyForDeploymentPostprocessing = 0;
			shellPath = /bin/sh;
			shellScript = "\"${PODS_ROOT}/Target Support Files/Pods-Divine-Gate/Pods-Divine-Gate-frameworks.sh\"\n";
			showEnvVarsInLog = 0;
		};
		9BDB0A557F1AD6BD0622842C /* [CP] Check Pods Manifest.lock */ = {
			isa = PBXShellScriptBuildPhase;
			buildActionMask = 2147483647;
			files = (
			);
			inputFileListPaths = (
			);
			inputPaths = (
				"${PODS_PODFILE_DIR_PATH}/Podfile.lock",
				"${PODS_ROOT}/Manifest.lock",
			);
			name = "[CP] Check Pods Manifest.lock";
			outputFileListPaths = (
			);
			outputPaths = (
				"$(DERIVED_FILE_DIR)/Pods-Divine-Gate-checkManifestLockResult.txt",
			);
			runOnlyForDeploymentPostprocessing = 0;
			shellPath = /bin/sh;
			shellScript = "diff \"${PODS_PODFILE_DIR_PATH}/Podfile.lock\" \"${PODS_ROOT}/Manifest.lock\" > /dev/null\nif [ $? != 0 ] ; then\n    # print error to STDERR\n    echo \"error: The sandbox is not in sync with the Podfile.lock. Run 'pod install' or update your CocoaPods installation.\" >&2\n    exit 1\nfi\n# This output is used by Xcode 'outputs' to avoid re-running this script phase.\necho \"SUCCESS\" > \"${SCRIPT_OUTPUT_FILE_0}\"\n";
			showEnvVarsInLog = 0;
		};
		C22190EE874E43684E1560DC /* [CP] Check Pods Manifest.lock */ = {
			isa = PBXShellScriptBuildPhase;
			buildActionMask = 2147483647;
			files = (
			);
			inputFileListPaths = (
			);
			inputPaths = (
				"${PODS_PODFILE_DIR_PATH}/Podfile.lock",
				"${PODS_ROOT}/Manifest.lock",
			);
			name = "[CP] Check Pods Manifest.lock";
			outputFileListPaths = (
			);
			outputPaths = (
				"$(DERIVED_FILE_DIR)/Pods-Divine-GateTests-checkManifestLockResult.txt",
			);
			runOnlyForDeploymentPostprocessing = 0;
			shellPath = /bin/sh;
			shellScript = "diff \"${PODS_PODFILE_DIR_PATH}/Podfile.lock\" \"${PODS_ROOT}/Manifest.lock\" > /dev/null\nif [ $? != 0 ] ; then\n    # print error to STDERR\n    echo \"error: The sandbox is not in sync with the Podfile.lock. Run 'pod install' or update your CocoaPods installation.\" >&2\n    exit 1\nfi\n# This output is used by Xcode 'outputs' to avoid re-running this script phase.\necho \"SUCCESS\" > \"${SCRIPT_OUTPUT_FILE_0}\"\n";
			showEnvVarsInLog = 0;
		};
		E1445BB18FDA7B3691BA76C1 /* [CP] Embed Pods Frameworks */ = {
			isa = PBXShellScriptBuildPhase;
			buildActionMask = 2147483647;
			files = (
			);
			inputFileListPaths = (
				"${PODS_ROOT}/Target Support Files/Pods-Divine-Gate-Divine-GateUITests/Pods-Divine-Gate-Divine-GateUITests-frameworks-${CONFIGURATION}-input-files.xcfilelist",
			);
			name = "[CP] Embed Pods Frameworks";
			outputFileListPaths = (
				"${PODS_ROOT}/Target Support Files/Pods-Divine-Gate-Divine-GateUITests/Pods-Divine-Gate-Divine-GateUITests-frameworks-${CONFIGURATION}-output-files.xcfilelist",
			);
			runOnlyForDeploymentPostprocessing = 0;
			shellPath = /bin/sh;
			shellScript = "\"${PODS_ROOT}/Target Support Files/Pods-Divine-Gate-Divine-GateUITests/Pods-Divine-Gate-Divine-GateUITests-frameworks.sh\"\n";
			showEnvVarsInLog = 0;
		};
		FC62CECF6902AB4E229728E9 /* [CP] Check Pods Manifest.lock */ = {
			isa = PBXShellScriptBuildPhase;
			buildActionMask = 2147483647;
			files = (
			);
			inputFileListPaths = (
			);
			inputPaths = (
				"${PODS_PODFILE_DIR_PATH}/Podfile.lock",
				"${PODS_ROOT}/Manifest.lock",
			);
			name = "[CP] Check Pods Manifest.lock";
			outputFileListPaths = (
			);
			outputPaths = (
				"$(DERIVED_FILE_DIR)/Pods-Divine-Gate-Divine-GateUITests-checkManifestLockResult.txt",
			);
			runOnlyForDeploymentPostprocessing = 0;
			shellPath = /bin/sh;
			shellScript = "diff \"${PODS_PODFILE_DIR_PATH}/Podfile.lock\" \"${PODS_ROOT}/Manifest.lock\" > /dev/null\nif [ $? != 0 ] ; then\n    # print error to STDERR\n    echo \"error: The sandbox is not in sync with the Podfile.lock. Run 'pod install' or update your CocoaPods installation.\" >&2\n    exit 1\nfi\n# This output is used by Xcode 'outputs' to avoid re-running this script phase.\necho \"SUCCESS\" > \"${SCRIPT_OUTPUT_FILE_0}\"\n";
			showEnvVarsInLog = 0;
		};
/* End PBXShellScriptBuildPhase section */

/* Begin PBXSourcesBuildPhase section */
		EE5E8AA9237654AF0013120E /* Sources */ = {
			isa = PBXSourcesBuildPhase;
			buildActionMask = 2147483647;
			files = (
				EE5E8AB7237654B00013120E /* GameScene.swift in Sources */,
				CF4DBF9B23767E78005E6E10 /* PanelGenerate.swift in Sources */,
				EE5E8AB9237654B00013120E /* GameViewController.swift in Sources */,
				A88AFDFC239F4D8100B107CE /* Enemy.swift in Sources */,
				A88AFDF8239F4D6100B107CE /* Unit.swift in Sources */,
				A88AFDF4239F4D3B00B107CE /* NormalSkill.swift in Sources */,
				A876B0DD23D9363500569695 /* StageSelect.swift in Sources */,
				A88AFDFE239F4DF900B107CE /* NormalSkillQueue.swift in Sources */,
				A88AFDFA239F4D6A00B107CE /* Hpsum.swift in Sources */,
				A833D8B023AB0E5B00C31325 /* TitleScene.swift in Sources */,
				CF4DBF97237672FB005E6E10 /* Panel.swift in Sources */,
				A88AFDF7239F4D6100B107CE /* Skill.swift in Sources */,
				CF077E11238FA376003B6C47 /* PanelContainer.swift in Sources */,
				EE5E8AB1237654B00013120E /* AppDelegate.swift in Sources */,
			);
			runOnlyForDeploymentPostprocessing = 0;
		};
		EE5E8AC3237654B20013120E /* Sources */ = {
			isa = PBXSourcesBuildPhase;
			buildActionMask = 2147483647;
			files = (
				EE5E8ACC237654B20013120E /* Divine_GateTests.swift in Sources */,
			);
			runOnlyForDeploymentPostprocessing = 0;
		};
		EE5E8ACE237654B20013120E /* Sources */ = {
			isa = PBXSourcesBuildPhase;
			buildActionMask = 2147483647;
			files = (
				EE5E8AD7237654B20013120E /* Divine_GateUITests.swift in Sources */,
			);
			runOnlyForDeploymentPostprocessing = 0;
		};
/* End PBXSourcesBuildPhase section */

/* Begin PBXTargetDependency section */
		EE5E8AC9237654B20013120E /* PBXTargetDependency */ = {
			isa = PBXTargetDependency;
			target = EE5E8AAC237654AF0013120E /* Divine-Gate */;
			targetProxy = EE5E8AC8237654B20013120E /* PBXContainerItemProxy */;
		};
		EE5E8AD4237654B20013120E /* PBXTargetDependency */ = {
			isa = PBXTargetDependency;
			target = EE5E8AAC237654AF0013120E /* Divine-Gate */;
			targetProxy = EE5E8AD3237654B20013120E /* PBXContainerItemProxy */;
		};
/* End PBXTargetDependency section */

/* Begin PBXVariantGroup section */
		EE5E8ABA237654B00013120E /* Main.storyboard */ = {
			isa = PBXVariantGroup;
			children = (
				EE5E8ABB237654B00013120E /* Base */,
			);
			name = Main.storyboard;
			sourceTree = "<group>";
		};
		EE5E8ABF237654B20013120E /* LaunchScreen.storyboard */ = {
			isa = PBXVariantGroup;
			children = (
				EE5E8AC0237654B20013120E /* Base */,
			);
			name = LaunchScreen.storyboard;
			sourceTree = "<group>";
		};
/* End PBXVariantGroup section */

/* Begin XCBuildConfiguration section */
		EE5E8AD9237654B20013120E /* Debug */ = {
			isa = XCBuildConfiguration;
			buildSettings = {
				ALWAYS_SEARCH_USER_PATHS = NO;
				CLANG_ANALYZER_NONNULL = YES;
				CLANG_ANALYZER_NUMBER_OBJECT_CONVERSION = YES_AGGRESSIVE;
				CLANG_CXX_LANGUAGE_STANDARD = "gnu++14";
				CLANG_CXX_LIBRARY = "libc++";
				CLANG_ENABLE_MODULES = YES;
				CLANG_ENABLE_OBJC_ARC = YES;
				CLANG_ENABLE_OBJC_WEAK = YES;
				CLANG_WARN_BLOCK_CAPTURE_AUTORELEASING = YES;
				CLANG_WARN_BOOL_CONVERSION = YES;
				CLANG_WARN_COMMA = YES;
				CLANG_WARN_CONSTANT_CONVERSION = YES;
				CLANG_WARN_DEPRECATED_OBJC_IMPLEMENTATIONS = YES;
				CLANG_WARN_DIRECT_OBJC_ISA_USAGE = YES_ERROR;
				CLANG_WARN_DOCUMENTATION_COMMENTS = YES;
				CLANG_WARN_EMPTY_BODY = YES;
				CLANG_WARN_ENUM_CONVERSION = YES;
				CLANG_WARN_INFINITE_RECURSION = YES;
				CLANG_WARN_INT_CONVERSION = YES;
				CLANG_WARN_NON_LITERAL_NULL_CONVERSION = YES;
				CLANG_WARN_OBJC_IMPLICIT_RETAIN_SELF = YES;
				CLANG_WARN_OBJC_LITERAL_CONVERSION = YES;
				CLANG_WARN_OBJC_ROOT_CLASS = YES_ERROR;
				CLANG_WARN_RANGE_LOOP_ANALYSIS = YES;
				CLANG_WARN_STRICT_PROTOTYPES = YES;
				CLANG_WARN_SUSPICIOUS_MOVE = YES;
				CLANG_WARN_UNGUARDED_AVAILABILITY = YES_AGGRESSIVE;
				CLANG_WARN_UNREACHABLE_CODE = YES;
				CLANG_WARN__DUPLICATE_METHOD_MATCH = YES;
				COPY_PHASE_STRIP = NO;
				DEBUG_INFORMATION_FORMAT = dwarf;
				ENABLE_STRICT_OBJC_MSGSEND = YES;
				ENABLE_TESTABILITY = YES;
				GCC_C_LANGUAGE_STANDARD = gnu11;
				GCC_DYNAMIC_NO_PIC = NO;
				GCC_NO_COMMON_BLOCKS = YES;
				GCC_OPTIMIZATION_LEVEL = 0;
				GCC_PREPROCESSOR_DEFINITIONS = (
					"DEBUG=1",
					"$(inherited)",
				);
				GCC_WARN_64_TO_32_BIT_CONVERSION = YES;
				GCC_WARN_ABOUT_RETURN_TYPE = YES_ERROR;
				GCC_WARN_UNDECLARED_SELECTOR = YES;
				GCC_WARN_UNINITIALIZED_AUTOS = YES_AGGRESSIVE;
				GCC_WARN_UNUSED_FUNCTION = YES;
				GCC_WARN_UNUSED_VARIABLE = YES;
				IPHONEOS_DEPLOYMENT_TARGET = 13.1;
				MTL_ENABLE_DEBUG_INFO = INCLUDE_SOURCE;
				MTL_FAST_MATH = YES;
				ONLY_ACTIVE_ARCH = YES;
				SDKROOT = iphoneos;
				SWIFT_ACTIVE_COMPILATION_CONDITIONS = DEBUG;
				SWIFT_OPTIMIZATION_LEVEL = "-Onone";
			};
			name = Debug;
		};
		EE5E8ADA237654B20013120E /* Release */ = {
			isa = XCBuildConfiguration;
			buildSettings = {
				ALWAYS_SEARCH_USER_PATHS = NO;
				CLANG_ANALYZER_NONNULL = YES;
				CLANG_ANALYZER_NUMBER_OBJECT_CONVERSION = YES_AGGRESSIVE;
				CLANG_CXX_LANGUAGE_STANDARD = "gnu++14";
				CLANG_CXX_LIBRARY = "libc++";
				CLANG_ENABLE_MODULES = YES;
				CLANG_ENABLE_OBJC_ARC = YES;
				CLANG_ENABLE_OBJC_WEAK = YES;
				CLANG_WARN_BLOCK_CAPTURE_AUTORELEASING = YES;
				CLANG_WARN_BOOL_CONVERSION = YES;
				CLANG_WARN_COMMA = YES;
				CLANG_WARN_CONSTANT_CONVERSION = YES;
				CLANG_WARN_DEPRECATED_OBJC_IMPLEMENTATIONS = YES;
				CLANG_WARN_DIRECT_OBJC_ISA_USAGE = YES_ERROR;
				CLANG_WARN_DOCUMENTATION_COMMENTS = YES;
				CLANG_WARN_EMPTY_BODY = YES;
				CLANG_WARN_ENUM_CONVERSION = YES;
				CLANG_WARN_INFINITE_RECURSION = YES;
				CLANG_WARN_INT_CONVERSION = YES;
				CLANG_WARN_NON_LITERAL_NULL_CONVERSION = YES;
				CLANG_WARN_OBJC_IMPLICIT_RETAIN_SELF = YES;
				CLANG_WARN_OBJC_LITERAL_CONVERSION = YES;
				CLANG_WARN_OBJC_ROOT_CLASS = YES_ERROR;
				CLANG_WARN_RANGE_LOOP_ANALYSIS = YES;
				CLANG_WARN_STRICT_PROTOTYPES = YES;
				CLANG_WARN_SUSPICIOUS_MOVE = YES;
				CLANG_WARN_UNGUARDED_AVAILABILITY = YES_AGGRESSIVE;
				CLANG_WARN_UNREACHABLE_CODE = YES;
				CLANG_WARN__DUPLICATE_METHOD_MATCH = YES;
				COPY_PHASE_STRIP = NO;
				DEBUG_INFORMATION_FORMAT = "dwarf-with-dsym";
				ENABLE_NS_ASSERTIONS = NO;
				ENABLE_STRICT_OBJC_MSGSEND = YES;
				GCC_C_LANGUAGE_STANDARD = gnu11;
				GCC_NO_COMMON_BLOCKS = YES;
				GCC_WARN_64_TO_32_BIT_CONVERSION = YES;
				GCC_WARN_ABOUT_RETURN_TYPE = YES_ERROR;
				GCC_WARN_UNDECLARED_SELECTOR = YES;
				GCC_WARN_UNINITIALIZED_AUTOS = YES_AGGRESSIVE;
				GCC_WARN_UNUSED_FUNCTION = YES;
				GCC_WARN_UNUSED_VARIABLE = YES;
				IPHONEOS_DEPLOYMENT_TARGET = 13.1;
				MTL_ENABLE_DEBUG_INFO = NO;
				MTL_FAST_MATH = YES;
				SDKROOT = iphoneos;
				SWIFT_COMPILATION_MODE = wholemodule;
				SWIFT_OPTIMIZATION_LEVEL = "-O";
				VALIDATE_PRODUCT = YES;
			};
			name = Release;
		};
		EE5E8ADC237654B20013120E /* Debug */ = {
			isa = XCBuildConfiguration;
			baseConfigurationReference = FA5F63D804E43764D36011E6 /* Pods-Divine-Gate.debug.xcconfig */;
			buildSettings = {
				ASSETCATALOG_COMPILER_APPICON_NAME = AppIcon;
				CODE_SIGN_STYLE = Automatic;
				INFOPLIST_FILE = "Divine-Gate/Info.plist";
				LD_RUNPATH_SEARCH_PATHS = (
					"$(inherited)",
					"@executable_path/Frameworks",
				);
				PRODUCT_BUNDLE_IDENTIFIER = "kanon.Divine-Gate";
				PRODUCT_NAME = "$(TARGET_NAME)";
				SWIFT_VERSION = 5.0;
				TARGETED_DEVICE_FAMILY = "1,2";
			};
			name = Debug;
		};
		EE5E8ADD237654B20013120E /* Release */ = {
			isa = XCBuildConfiguration;
			baseConfigurationReference = FFC2FC7ED0F3DB331069F3D0 /* Pods-Divine-Gate.release.xcconfig */;
			buildSettings = {
				ASSETCATALOG_COMPILER_APPICON_NAME = AppIcon;
				CODE_SIGN_STYLE = Automatic;
				INFOPLIST_FILE = "Divine-Gate/Info.plist";
				LD_RUNPATH_SEARCH_PATHS = (
					"$(inherited)",
					"@executable_path/Frameworks",
				);
				PRODUCT_BUNDLE_IDENTIFIER = "kanon.Divine-Gate";
				PRODUCT_NAME = "$(TARGET_NAME)";
				SWIFT_VERSION = 5.0;
				TARGETED_DEVICE_FAMILY = "1,2";
			};
			name = Release;
		};
		EE5E8ADF237654B20013120E /* Debug */ = {
			isa = XCBuildConfiguration;
			baseConfigurationReference = 33C5D1BB4EB0FBB3BD9A182C /* Pods-Divine-GateTests.debug.xcconfig */;
			buildSettings = {
				ALWAYS_EMBED_SWIFT_STANDARD_LIBRARIES = YES;
				BUNDLE_LOADER = "$(TEST_HOST)";
				CODE_SIGN_STYLE = Automatic;
				INFOPLIST_FILE = "Divine-GateTests/Info.plist";
				IPHONEOS_DEPLOYMENT_TARGET = 13.1;
				LD_RUNPATH_SEARCH_PATHS = (
					"$(inherited)",
					"@executable_path/Frameworks",
					"@loader_path/Frameworks",
				);
				PRODUCT_BUNDLE_IDENTIFIER = "kanon.Divine-GateTests";
				PRODUCT_NAME = "$(TARGET_NAME)";
				SWIFT_VERSION = 5.0;
				TARGETED_DEVICE_FAMILY = "1,2";
				TEST_HOST = "$(BUILT_PRODUCTS_DIR)/Divine-Gate.app/Divine-Gate";
			};
			name = Debug;
		};
		EE5E8AE0237654B20013120E /* Release */ = {
			isa = XCBuildConfiguration;
			baseConfigurationReference = EF8679627491C3FF29A27268 /* Pods-Divine-GateTests.release.xcconfig */;
			buildSettings = {
				ALWAYS_EMBED_SWIFT_STANDARD_LIBRARIES = YES;
				BUNDLE_LOADER = "$(TEST_HOST)";
				CODE_SIGN_STYLE = Automatic;
				INFOPLIST_FILE = "Divine-GateTests/Info.plist";
				IPHONEOS_DEPLOYMENT_TARGET = 13.1;
				LD_RUNPATH_SEARCH_PATHS = (
					"$(inherited)",
					"@executable_path/Frameworks",
					"@loader_path/Frameworks",
				);
				PRODUCT_BUNDLE_IDENTIFIER = "kanon.Divine-GateTests";
				PRODUCT_NAME = "$(TARGET_NAME)";
				SWIFT_VERSION = 5.0;
				TARGETED_DEVICE_FAMILY = "1,2";
				TEST_HOST = "$(BUILT_PRODUCTS_DIR)/Divine-Gate.app/Divine-Gate";
			};
			name = Release;
		};
		EE5E8AE2237654B20013120E /* Debug */ = {
			isa = XCBuildConfiguration;
			baseConfigurationReference = A18EAA48946374E607B899B5 /* Pods-Divine-Gate-Divine-GateUITests.debug.xcconfig */;
			buildSettings = {
				ALWAYS_EMBED_SWIFT_STANDARD_LIBRARIES = YES;
				CODE_SIGN_STYLE = Automatic;
				INFOPLIST_FILE = "Divine-GateUITests/Info.plist";
				LD_RUNPATH_SEARCH_PATHS = (
					"$(inherited)",
					"@executable_path/Frameworks",
					"@loader_path/Frameworks",
				);
				PRODUCT_BUNDLE_IDENTIFIER = "kanon.Divine-GateUITests";
				PRODUCT_NAME = "$(TARGET_NAME)";
				SWIFT_VERSION = 5.0;
				TARGETED_DEVICE_FAMILY = "1,2";
				TEST_TARGET_NAME = "Divine-Gate";
			};
			name = Debug;
		};
		EE5E8AE3237654B20013120E /* Release */ = {
			isa = XCBuildConfiguration;
			baseConfigurationReference = 21C97D1514FB2D0246FC9963 /* Pods-Divine-Gate-Divine-GateUITests.release.xcconfig */;
			buildSettings = {
				ALWAYS_EMBED_SWIFT_STANDARD_LIBRARIES = YES;
				CODE_SIGN_STYLE = Automatic;
				INFOPLIST_FILE = "Divine-GateUITests/Info.plist";
				LD_RUNPATH_SEARCH_PATHS = (
					"$(inherited)",
					"@executable_path/Frameworks",
					"@loader_path/Frameworks",
				);
				PRODUCT_BUNDLE_IDENTIFIER = "kanon.Divine-GateUITests";
				PRODUCT_NAME = "$(TARGET_NAME)";
				SWIFT_VERSION = 5.0;
				TARGETED_DEVICE_FAMILY = "1,2";
				TEST_TARGET_NAME = "Divine-Gate";
			};
			name = Release;
		};
/* End XCBuildConfiguration section */

/* Begin XCConfigurationList section */
		EE5E8AA8237654AF0013120E /* Build configuration list for PBXProject "Divine-Gate" */ = {
			isa = XCConfigurationList;
			buildConfigurations = (
				EE5E8AD9237654B20013120E /* Debug */,
				EE5E8ADA237654B20013120E /* Release */,
			);
			defaultConfigurationIsVisible = 0;
			defaultConfigurationName = Release;
		};
		EE5E8ADB237654B20013120E /* Build configuration list for PBXNativeTarget "Divine-Gate" */ = {
			isa = XCConfigurationList;
			buildConfigurations = (
				EE5E8ADC237654B20013120E /* Debug */,
				EE5E8ADD237654B20013120E /* Release */,
			);
			defaultConfigurationIsVisible = 0;
			defaultConfigurationName = Release;
		};
		EE5E8ADE237654B20013120E /* Build configuration list for PBXNativeTarget "Divine-GateTests" */ = {
			isa = XCConfigurationList;
			buildConfigurations = (
				EE5E8ADF237654B20013120E /* Debug */,
				EE5E8AE0237654B20013120E /* Release */,
			);
			defaultConfigurationIsVisible = 0;
			defaultConfigurationName = Release;
		};
		EE5E8AE1237654B20013120E /* Build configuration list for PBXNativeTarget "Divine-GateUITests" */ = {
			isa = XCConfigurationList;
			buildConfigurations = (
				EE5E8AE2237654B20013120E /* Debug */,
				EE5E8AE3237654B20013120E /* Release */,
			);
			defaultConfigurationIsVisible = 0;
			defaultConfigurationName = Release;
		};
/* End XCConfigurationList section */
	};
	rootObject = EE5E8AA5237654AF0013120E /* Project object */;
}
